
Microsoft Visual Studio Solution File, Format Version 12.00
# Visual Studio Version 17
VisualStudioVersion = 17.7.34009.444
MinimumVisualStudioVersion = 10.0.40219.1
Project("{FAE04EC0-301F-11D3-BF4B-00C04F79EFBC}") = "HW18_09", "HW18_09\HW18_09.csproj", "{A2FC1867-1BA3-4697-8969-BF08C4C6BB05}"
EndProject
Global
	GlobalSection(SolutionConfigurationPlatforms) = preSolution
		Debug|Any CPU = Debug|Any CPU
		Release|Any CPU = Release|Any CPU
	EndGlobalSection
	GlobalSection(ProjectConfigurationPlatforms) = postSolution
		{A2FC1867-1BA3-4697-8969-BF08C4C6BB05}.Debug|Any CPU.ActiveCfg = Debug|Any CPU
		{A2FC1867-1BA3-4697-8969-BF08C4C6BB05}.Debug|Any CPU.Build.0 = Debug|Any CPU
		{A2FC1867-1BA3-4697-8969-BF08C4C6BB05}.Release|Any CPU.ActiveCfg = Release|Any CPU
		{A2FC1867-1BA3-4697-8969-BF08C4C6BB05}.Release|Any CPU.Build.0 = Release|Any CPU
	EndGlobalSection
	GlobalSection(SolutionProperties) = preSolution
		HideSolutionNode = FALSE
	EndGlobalSection
	GlobalSection(ExtensibilityGlobals) = postSolution
		SolutionGuid = {7C6C95DC-985B-47E4-AAFD-F3545D4C7E02}
	EndGlobalSection
EndGlobal
